{
  "originHash" : "b395969593748671278a8980ac0460a595bc0a3b57b9ccaeac5d02e5fbe4c242",
  "pins" : [
    {
      "identity" : "lumina",
      "kind" : "remoteSourceControl",
      "location" : "https://github.com/dokun1/Lumina.git",
      "state" : {
        "revision" : "fd560866d53ab8be43e655c55cf4b2f9fcaddf4a",
        "version" : "1.6.2"
      }
    },
    {
      "identity" : "swift-log",
      "kind" : "remoteSourceControl",
      "location" : "https://github.com/apple/swift-log.git",
      "state" : {
        "revision" : "9cb486020ebf03bfa5b5df985387a14a98744537",
        "version" : "1.6.1"
      }
    }
  ],
  "version" : 3
}
